
Microsoft Visual Studio Solution File, Format Version 12.00
# Visual Studio Version 16
VisualStudioVersion = 16.0.31702.278
MinimumVisualStudioVersion = 10.0.40219.1
Project("{F184B08F-C81C-45F6-A57F-5ABD9991F28F}") = "WebApplication1", "WebApplication1.vbproj", "{615A9846-99A4-46D7-81DC-1066E3042891}"
EndProject
Global
	GlobalSection(SolutionConfigurationPlatforms) = preSolution
		Debug|Any CPU = Debug|Any CPU
		Release|Any CPU = Release|Any CPU
	EndGlobalSection
	GlobalSection(ProjectConfigurationPlatforms) = postSolution
		{615A9846-99A4-46D7-81DC-1066E3042891}.Debug|Any CPU.ActiveCfg = Debug|Any CPU
		{615A9846-99A4-46D7-81DC-1066E3042891}.Debug|Any CPU.Build.0 = Debug|Any CPU
		{615A9846-99A4-46D7-81DC-1066E3042891}.Release|Any CPU.ActiveCfg = Release|Any CPU
		{615A9846-99A4-46D7-81DC-1066E3042891}.Release|Any CPU.Build.0 = Release|Any CPU
	EndGlobalSection
	GlobalSection(SolutionProperties) = preSolution
		HideSolutionNode = FALSE
	EndGlobalSection
	GlobalSection(ExtensibilityGlobals) = postSolution
		SolutionGuid = {90943989-562E-4E33-BC58-9303C3845419}
	EndGlobalSection
EndGlobal
